id: rwtchannelizer_rwt_source_chan
label: RWT Source Channelizer
category: "[RWT]"
flags: throttle

documentation: |-
  RWT Source Channelizer Block

file_format: 1

parameters:
  - id: freq
    label: Frequency
    dtype: real
    default: 2.4e9
  - id: samplerate
    label: Sample rate
    dtype: real
    default: 5e6
  - id: bandwidth
    label: RF Bandwidth
    dtype: real
    default: int(40e6)
  - id: rfport1
    label: RF Port 1 Select
    dtype: enum
    default: A_BALANCED
    options:
      - A_BALANCED
      - B_BALANCED
      - C_BALANCED
      - A_N
      - A_P
      - B_N
      - B_P
      - C_N
      - C_P
      - TX_MONITOR1
      - TX_MONITOR2
      - TX_MONITOR1_2
    option_labels:
      - A_BALANCED
      - B_BALANCED
      - C_BALANCED
      - A_N
      - A_P
      - B_N
      - B_P
      - C_N
      - C_P
      - TX_MONITOR1
      - TX_MONITOR2
      - TX_MONITOR1_2
  - id: rfport2
    label: RF Port 2 Select
    dtype: enum
    default: A_BALANCED
    options:
      - A_BALANCED
      - B_BALANCED
      - C_BALANCED
      - A_N
      - A_P
      - B_N
      - B_P
      - C_N
      - C_P
      - TX_MONITOR1
      - TX_MONITOR2
      - TX_MONITOR1_2
    option_labels:
      - A_BALANCED
      - B_BALANCED
      - C_BALANCED
      - A_N
      - A_P
      - B_N
      - B_P
      - C_N
      - C_P
      - TX_MONITOR1
      - TX_MONITOR2
      - TX_MONITOR1_2
  - id: gain_mode
    label: Gain Mode
    dtype: enum
    default: manual
    options:
      - manual
      - slow_attack
      - fast_attack
      - hybrid
    option_labels:
      - Manual
      - Slow
      - Fast
      - Hybrid
  - id: manual_gain
    label: Manual Gain (dB)
    dtype: real
    default: 64.0
  - id: quadrature
    label: Quadrature
    category: Advanced RF
    dtype: int
    default: 'True'
    options: ['1', '0']
    option_labels: ['True', 'False']
    hide: part
  - id: rfdc
    label: RF DC
    category: Advanced RF
    dtype: int
    default: 'True'
    options: ['1', '0']
    option_labels: ['True', 'False']
    hide: part
  - id: bbdc
    label: BB DC
    category: Advanced RF
    dtype: int
    default: 'True'
    options: ['1', '0']
    option_labels: ['True', 'False']
    hide: part
  - id: filter
    label: Filter
    category: Advanced RF
    dtype: file_open
    hide: part
  - id: auto_filter
    label: Filter auto
    category: Advanced RF
    dtype: bool
    default: True
    options: [True, False]
    hide: part
  - id: extra
    label: Other Settings
    category: Advanced RF
    dtype: string
    default: ""
    hide: part
  - id: base_addr
    label: Base Address
    category: Advanced Device
    dtype: int
    default: '0x9D000000'
    hide: part
  - id: escape
    label: Packet Escape
    category: Advanced Device
    dtype: int
    default: '0xAAAAAAAAAAAAAAAA'
    hide: part
  - id: use_tags
    label: Use Tags
    category: Advanced Device
    dtype: bool
    default: True
    options: [True, False]
  - id: force_reload
    label: Force Reload
    category: Advanced Device
    dtype: bool
    default: False
    options: [True, False]
    hide: part
  - id: buffer_size
    label: Buffer Size
    category: Advanced Device
    dtype: int
    default: 32000
    hide: part
  - id: debug
    label: Enable printing for debug
    category: Advanced Device
    dtype: int
    default: 0
    options: [0, 1, 2, 3]
    hide: part

  - id: correction_enable
    label: Correction Enable
    category: CIC Filtering
    dtype: int
    default: 3
    options: [3, 0]
    option_labels: ['True', 'False']
    hide: part
  - id: bypass_enable
    label: CIC Bypass Enable
    category: CIC Filtering
    dtype: bool
    default: 'False'
    options: ['1', '0']
    option_labels: ['True', 'False']
    hide: part

  - id: chan_bypass
    label: Channelizer Bypass
    category: Channelizer Configuration
    dtype: bool
    default: 'False'
    options: ['1', '0']
    option_labels: ['True', 'False']
    hide: part
  - id: fft_size
    label: FFT Size
    category: Channelizer Configuration
    dtype: int
    default: 128
    options: [8, 16, 32, 64, 128]
    hide: part
  - id: avg_len
    label: Exponent Averaging Length
    category: Channelizer Configuration
    dtype: int
    default: 64
    hide: part
  - id: payload_length
    label: Payload Length
    category: Channelizer Configuration
    dtype: int
    default: 64
    hide: part
  - id: downselect
    label: Downselection Mask
    category: Channelizer Configuration
    dtype: string
    default: "0xFFFFFFFF 0xFFFFFFFF 0xFFFFFFFF 0xFFFFFFFF"
    hide: part
  - id: chan_first_enable
    label: First Channel Tag
    category: Channelizer Configuration
    dtype: bool
    default: 'False'
    options: ['1', '0']
    option_labels: ['True', 'False']
    hide: part
  - id: chan_first_num
    label: First Channel Num
    category: Channelizer Configuration
    dtype: int
    default: 0
    hide: part
  - id: chan_first_wait
    label: First Channel Wait
    category: Channelizer Configuration
    dtype: int
    default: 10000
    hide: part

inputs:
  - domain: message
    id: ctrl
    optional: true

outputs:
  - domain: stream
    dtype: complex
    label: ch0

asserts:
  - ${ (freq >= 70e6 and freq <= 6e9) }
  - ${ not (auto_filter and len(filter)) }
  - ${ (int(samplerate) >= 2084000) or (len(filter) > 0) or auto_filter }

templates:
  imports: |-
    import rwt
    from gnuradio import rwtchannelizer
    import pmt
  make: |-
        None
        fmcomms_cfg = {
          "rx_freq": str(int(${freq})),
          "rx_bw": str(int(${bandwidth})),
          "samplerate": str(int(${samplerate})),
          "rx_rfport1": "${rfport1}",
          "rx_rfport2": "${rfport2}",
          "escape": str(${escape}),
          "rx_gain1_mode": "${gain_mode}",
          "rx_gain1": str(${manual_gain}),
          "rx_gain2_mode": "${gain_mode}",
          "rx_gain2": str(${manual_gain}),
          "quadrature": str(int(${quadrature})),
          "rfdc": str(int(${rfdc})),
          "bbdc": str(int(${bbdc})),
          "debug": str(int(${debug})),
          "decimation_arbitrary": str(int(0)),
          "correction_enable": str(int(${correction_enable})),
          "bypass_enable": str(int(${bypass_enable})),
          "chan_bypass": str(int(${chan_bypass})),
          "avg_len": str(int(${avg_len})),
          "payload_length": str(int(${payload_length})),
          "downselect": str(${downselect}),
          "fft_size": str(int(${fft_size})),
          "chan_first_enable": str(int(${chan_first_enable})),
          "chan_first_num": str(int(${chan_first_num})),
          "chan_first_wait": str(int(${chan_first_wait})),
        }
        fmcomms_extra = {} if ${extra} == "" else dict(x.split('=') for x in ${extra}.split(','))
        fmcomms_cfg.update(fmcomms_extra)
        self.${id} = rwtchannelizer.rwt_source_chan(
          pmt.to_pmt(fmcomms_cfg),
          ${base_addr}, ${filter}, ${use_tags}, ${auto_filter},
          ${force_reload}, ${buffer_size},
          "ad9361-phy", "cf-ad9361-lpc", "cf-ad9361-dds-core-lpc")


  callbacks:
    - self.${id}.set_config("rx_freq", str(int(${freq})))
    - self.${id}.set_config("rx_bw", str(int(${bandwidth})))
    - self.${id}.set_config("samplerate", str(int(${samplerate})))
    - self.${id}.set_config("rx_rfport1", "${rfport1}")
    - self.${id}.set_config("rx_rfport2", "${rfport2}")
    - self.${id}.set_config("rx_gain1_mode", "${gain_mode}")
    - self.${id}.set_config("rx_gain1", str(${manual_gain}))
    - self.${id}.set_config("rx_gain2_mode", "${gain_mode}")
    - self.${id}.set_config("rx_gain2", str(${manual_gain}))
    - self.${id}.set_config("quadrature", str(int(${quadrature})))
    - self.${id}.set_config("rfdc", str(int(${rfdc})))
    - self.${id}.set_config("bbdc", str(int(${bbdc})))
    - self.${id}.set_config("escape", str(${escape}))
    - self.${id}.set_config("correction_enable", str(int(${correction_enable})))
    - |
      if ${extra} != "":
          cfg = dict(x.split('=') for x in ${extra}.split(','))
          self.${id}.config_msg_handler(pmt.to_pmt(cfg))
